// !$*UTF8*$!
{
	archiveVersion = 1;
	classes = {
	};
	objectVersion = 50;
	objects = {

/* Begin PBXBuildFile section */
		3A6C521C21979E2600D9E9A9 /* FileSelector.storyboard in Resources */ = {isa = PBXBuildFile; fileRef = 3A6C521B21979E2600D9E9A9 /* FileSelector.storyboard */; };
		922F6D182197595D008C1D05 /* AppDelegate.swift in Sources */ = {isa = PBXBuildFile; fileRef = 922F6D172197595D008C1D05 /* AppDelegate.swift */; };
		922F6D1A2197595D008C1D05 /* art.scnassets in Resources */ = {isa = PBXBuildFile; fileRef = 922F6D192197595D008C1D05 /* art.scnassets */; };
		922F6D1C2197595D008C1D05 /* ViewController.swift in Sources */ = {isa = PBXBuildFile; fileRef = 922F6D1B2197595D008C1D05 /* ViewController.swift */; };
		922F6D1F2197595E008C1D05 /* Main.storyboard in Resources */ = {isa = PBXBuildFile; fileRef = 922F6D1D2197595E008C1D05 /* Main.storyboard */; };
		922F6D212197595F008C1D05 /* Assets.xcassets in Resources */ = {isa = PBXBuildFile; fileRef = 922F6D202197595F008C1D05 /* Assets.xcassets */; };
		922F6D242197595F008C1D05 /* LaunchScreen.storyboard in Resources */ = {isa = PBXBuildFile; fileRef = 922F6D222197595F008C1D05 /* LaunchScreen.storyboard */; };
		922F6D2F2197595F008C1D05 /* LociARTests.swift in Sources */ = {isa = PBXBuildFile; fileRef = 922F6D2E2197595F008C1D05 /* LociARTests.swift */; };
		922F6D3A2197595F008C1D05 /* LociARUITests.swift in Sources */ = {isa = PBXBuildFile; fileRef = 922F6D392197595F008C1D05 /* LociARUITests.swift */; };
/* End PBXBuildFile section */

/* Begin PBXContainerItemProxy section */
		922F6D2B2197595F008C1D05 /* PBXContainerItemProxy */ = {
			isa = PBXContainerItemProxy;
			containerPortal = 922F6D0C2197595D008C1D05 /* Project object */;
			proxyType = 1;
			remoteGlobalIDString = 922F6D132197595D008C1D05;
			remoteInfo = LociAR;
		};
		922F6D362197595F008C1D05 /* PBXContainerItemProxy */ = {
			isa = PBXContainerItemProxy;
			containerPortal = 922F6D0C2197595D008C1D05 /* Project object */;
			proxyType = 1;
			remoteGlobalIDString = 922F6D132197595D008C1D05;
			remoteInfo = LociAR;
		};
/* End PBXContainerItemProxy section */

/* Begin PBXCopyFilesBuildPhase section */
		3A6C51FE219782F200D9E9A9 /* Embed Frameworks */ = {
			isa = PBXCopyFilesBuildPhase;
			buildActionMask = 2147483647;
			dstPath = "";
			dstSubfolderSpec = 10;
			files = (
			);
			name = "Embed Frameworks";
			runOnlyForDeploymentPostprocessing = 0;
		};
/* End PBXCopyFilesBuildPhase section */

/* Begin PBXFileReference section */
		3A6C521B21979E2600D9E9A9 /* FileSelector.storyboard */ = {isa = PBXFileReference; lastKnownFileType = file.storyboard; path = FileSelector.storyboard; sourceTree = "<group>"; };
		922F6D142197595D008C1D05 /* LociAR.app */ = {isa = PBXFileReference; explicitFileType = wrapper.application; includeInIndex = 0; path = LociAR.app; sourceTree = BUILT_PRODUCTS_DIR; };
		922F6D172197595D008C1D05 /* AppDelegate.swift */ = {isa = PBXFileReference; lastKnownFileType = sourcecode.swift; path = AppDelegate.swift; sourceTree = "<group>"; };
		922F6D192197595D008C1D05 /* art.scnassets */ = {isa = PBXFileReference; lastKnownFileType = wrapper.scnassets; path = art.scnassets; sourceTree = "<group>"; };
		922F6D1B2197595D008C1D05 /* ViewController.swift */ = {isa = PBXFileReference; lastKnownFileType = sourcecode.swift; path = ViewController.swift; sourceTree = "<group>"; };
		922F6D1E2197595E008C1D05 /* Base */ = {isa = PBXFileReference; lastKnownFileType = file.storyboard; name = Base; path = Base.lproj/Main.storyboard; sourceTree = "<group>"; };
		922F6D202197595F008C1D05 /* Assets.xcassets */ = {isa = PBXFileReference; lastKnownFileType = folder.assetcatalog; path = Assets.xcassets; sourceTree = "<group>"; };
		922F6D232197595F008C1D05 /* Base */ = {isa = PBXFileReference; lastKnownFileType = file.storyboard; name = Base; path = Base.lproj/LaunchScreen.storyboard; sourceTree = "<group>"; };
		922F6D252197595F008C1D05 /* Info.plist */ = {isa = PBXFileReference; lastKnownFileType = text.plist.xml; path = Info.plist; sourceTree = "<group>"; };
		922F6D2A2197595F008C1D05 /* LociARTests.xctest */ = {isa = PBXFileReference; explicitFileType = wrapper.cfbundle; includeInIndex = 0; path = LociARTests.xctest; sourceTree = BUILT_PRODUCTS_DIR; };
		922F6D2E2197595F008C1D05 /* LociARTests.swift */ = {isa = PBXFileReference; lastKnownFileType = sourcecode.swift; path = LociARTests.swift; sourceTree = "<group>"; };
		922F6D302197595F008C1D05 /* Info.plist */ = {isa = PBXFileReference; lastKnownFileType = text.plist.xml; path = Info.plist; sourceTree = "<group>"; };
		922F6D352197595F008C1D05 /* LociARUITests.xctest */ = {isa = PBXFileReference; explicitFileType = wrapper.cfbundle; includeInIndex = 0; path = LociARUITests.xctest; sourceTree = BUILT_PRODUCTS_DIR; };
		922F6D392197595F008C1D05 /* LociARUITests.swift */ = {isa = PBXFileReference; lastKnownFileType = sourcecode.swift; path = LociARUITests.swift; sourceTree = "<group>"; };
		922F6D3B2197595F008C1D05 /* Info.plist */ = {isa = PBXFileReference; lastKnownFileType = text.plist.xml; path = Info.plist; sourceTree = "<group>"; };
/* End PBXFileReference section */

/* Begin PBXFrameworksBuildPhase section */
		922F6D112197595D008C1D05 /* Frameworks */ = {
			isa = PBXFrameworksBuildPhase;
			buildActionMask = 2147483647;
			files = (
			);
			runOnlyForDeploymentPostprocessing = 0;
		};
		922F6D272197595F008C1D05 /* Frameworks */ = {
			isa = PBXFrameworksBuildPhase;
			buildActionMask = 2147483647;
			files = (
			);
			runOnlyForDeploymentPostprocessing = 0;
		};
		922F6D322197595F008C1D05 /* Frameworks */ = {
			isa = PBXFrameworksBuildPhase;
			buildActionMask = 2147483647;
			files = (
			);
			runOnlyForDeploymentPostprocessing = 0;
		};
/* End PBXFrameworksBuildPhase section */

/* Begin PBXGroup section */
		922F6D0B2197595D008C1D05 = {
			isa = PBXGroup;
			children = (
				922F6D162197595D008C1D05 /* LociAR */,
				922F6D2D2197595F008C1D05 /* LociARTests */,
				922F6D382197595F008C1D05 /* LociARUITests */,
				922F6D152197595D008C1D05 /* Products */,
			);
			sourceTree = "<group>";
		};
		922F6D152197595D008C1D05 /* Products */ = {
			isa = PBXGroup;
			children = (
				922F6D142197595D008C1D05 /* LociAR.app */,
				922F6D2A2197595F008C1D05 /* LociARTests.xctest */,
				922F6D352197595F008C1D05 /* LociARUITests.xctest */,
			);
			name = Products;
			sourceTree = "<group>";
		};
		922F6D162197595D008C1D05 /* LociAR */ = {
			isa = PBXGroup;
			children = (
				922F6D172197595D008C1D05 /* AppDelegate.swift */,
				922F6D192197595D008C1D05 /* art.scnassets */,
				922F6D1B2197595D008C1D05 /* ViewController.swift */,
				922F6D1D2197595E008C1D05 /* Main.storyboard */,
				922F6D202197595F008C1D05 /* Assets.xcassets */,
				922F6D222197595F008C1D05 /* LaunchScreen.storyboard */,
				922F6D252197595F008C1D05 /* Info.plist */,
				3A6C521B21979E2600D9E9A9 /* FileSelector.storyboard */,
			);
			path = LociAR;
			sourceTree = "<group>";
		};
		922F6D2D2197595F008C1D05 /* LociARTests */ = {
			isa = PBXGroup;
			children = (
				922F6D2E2197595F008C1D05 /* LociARTests.swift */,
				922F6D302197595F008C1D05 /* Info.plist */,
			);
			path = LociARTests;
			sourceTree = "<group>";
		};
		922F6D382197595F008C1D05 /* LociARUITests */ = {
			isa = PBXGroup;
			children = (
				922F6D392197595F008C1D05 /* LociARUITests.swift */,
				922F6D3B2197595F008C1D05 /* Info.plist */,
			);
			path = LociARUITests;
			sourceTree = "<group>";
		};
/* End PBXGroup section */

/* Begin PBXNativeTarget section */
		922F6D132197595D008C1D05 /* LociAR */ = {
			isa = PBXNativeTarget;
			buildConfigurationList = 922F6D3E2197595F008C1D05 /* Build configuration list for PBXNativeTarget "LociAR" */;
			buildPhases = (
				922F6D102197595D008C1D05 /* Sources */,
				922F6D112197595D008C1D05 /* Frameworks */,
				922F6D122197595D008C1D05 /* Resources */,
				3A6C51FE219782F200D9E9A9 /* Embed Frameworks */,
			);
			buildRules = (
			);
			dependencies = (
			);
			name = LociAR;
			productName = LociAR;
			productReference = 922F6D142197595D008C1D05 /* LociAR.app */;
			productType = "com.apple.product-type.application";
		};
		922F6D292197595F008C1D05 /* LociARTests */ = {
			isa = PBXNativeTarget;
			buildConfigurationList = 922F6D412197595F008C1D05 /* Build configuration list for PBXNativeTarget "LociARTests" */;
			buildPhases = (
				922F6D262197595F008C1D05 /* Sources */,
				922F6D272197595F008C1D05 /* Frameworks */,
				922F6D282197595F008C1D05 /* Resources */,
			);
			buildRules = (
			);
			dependencies = (
				922F6D2C2197595F008C1D05 /* PBXTargetDependency */,
			);
			name = LociARTests;
			productName = LociARTests;
			productReference = 922F6D2A2197595F008C1D05 /* LociARTests.xctest */;
			productType = "com.apple.product-type.bundle.unit-test";
		};
		922F6D342197595F008C1D05 /* LociARUITests */ = {
			isa = PBXNativeTarget;
			buildConfigurationList = 922F6D442197595F008C1D05 /* Build configuration list for PBXNativeTarget "LociARUITests" */;
			buildPhases = (
				922F6D312197595F008C1D05 /* Sources */,
				922F6D322197595F008C1D05 /* Frameworks */,
				922F6D332197595F008C1D05 /* Resources */,
			);
			buildRules = (
			);
			dependencies = (
				922F6D372197595F008C1D05 /* PBXTargetDependency */,
			);
			name = LociARUITests;
			productName = LociARUITests;
			productReference = 922F6D352197595F008C1D05 /* LociARUITests.xctest */;
			productType = "com.apple.product-type.bundle.ui-testing";
		};
/* End PBXNativeTarget section */

/* Begin PBXProject section */
		922F6D0C2197595D008C1D05 /* Project object */ = {
			isa = PBXProject;
			attributes = {
				LastSwiftUpdateCheck = 1010;
				LastUpgradeCheck = 1010;
				ORGANIZATIONNAME = Aryan;
				TargetAttributes = {
					922F6D132197595D008C1D05 = {
						CreatedOnToolsVersion = 10.1;
					};
					922F6D292197595F008C1D05 = {
						CreatedOnToolsVersion = 10.1;
						TestTargetID = 922F6D132197595D008C1D05;
					};
					922F6D342197595F008C1D05 = {
						CreatedOnToolsVersion = 10.1;
						TestTargetID = 922F6D132197595D008C1D05;
					};
				};
			};
			buildConfigurationList = 922F6D0F2197595D008C1D05 /* Build configuration list for PBXProject "LociAR" */;
			compatibilityVersion = "Xcode 9.3";
			developmentRegion = en;
			hasScannedForEncodings = 0;
			knownRegions = (
				en,
				Base,
			);
			mainGroup = 922F6D0B2197595D008C1D05;
			productRefGroup = 922F6D152197595D008C1D05 /* Products */;
			projectDirPath = "";
			projectRoot = "";
			targets = (
				922F6D132197595D008C1D05 /* LociAR */,
				922F6D292197595F008C1D05 /* LociARTests */,
				922F6D342197595F008C1D05 /* LociARUITests */,
			);
		};
/* End PBXProject section */

/* Begin PBXResourcesBuildPhase section */
		922F6D122197595D008C1D05 /* Resources */ = {
			isa = PBXResourcesBuildPhase;
			buildActionMask = 2147483647;
			files = (
				922F6D1A2197595D008C1D05 /* art.scnassets in Resources */,
				922F6D242197595F008C1D05 /* LaunchScreen.storyboard in Resources */,
				922F6D212197595F008C1D05 /* Assets.xcassets in Resources */,
				922F6D1F2197595E008C1D05 /* Main.storyboard in Resources */,
				3A6C521C21979E2600D9E9A9 /* FileSelector.storyboard in Resources */,
			);
			runOnlyForDeploymentPostprocessing = 0;
		};
		922F6D282197595F008C1D05 /* Resources */ = {
			isa = PBXResourcesBuildPhase;
			buildActionMask = 2147483647;
			files = (
			);
			runOnlyForDeploymentPostprocessing = 0;
		};
		922F6D332197595F008C1D05 /* Resources */ = {
			isa = PBXResourcesBuildPhase;
			buildActionMask = 2147483647;
			files = (
			);
			runOnlyForDeploymentPostprocessing = 0;
		};
/* End PBXResourcesBuildPhase section */

/* Begin PBXSourcesBuildPhase section */
		922F6D102197595D008C1D05 /* Sources */ = {
			isa = PBXSourcesBuildPhase;
			buildActionMask = 2147483647;
			files = (
				922F6D1C2197595D008C1D05 /* ViewController.swift in Sources */,
				922F6D182197595D008C1D05 /* AppDelegate.swift in Sources */,
			);
			runOnlyForDeploymentPostprocessing = 0;
		};
		922F6D262197595F008C1D05 /* Sources */ = {
			isa = PBXSourcesBuildPhase;
			buildActionMask = 2147483647;
			files = (
				922F6D2F2197595F008C1D05 /* LociARTests.swift in Sources */,
			);
			runOnlyForDeploymentPostprocessing = 0;
		};
		922F6D312197595F008C1D05 /* Sources */ = {
			isa = PBXSourcesBuildPhase;
			buildActionMask = 2147483647;
			files = (
				922F6D3A2197595F008C1D05 /* LociARUITests.swift in Sources */,
			);
			runOnlyForDeploymentPostprocessing = 0;
		};
/* End PBXSourcesBuildPhase section */

/* Begin PBXTargetDependency section */
		922F6D2C2197595F008C1D05 /* PBXTargetDependency */ = {
			isa = PBXTargetDependency;
			target = 922F6D132197595D008C1D05 /* LociAR */;
			targetProxy = 922F6D2B2197595F008C1D05 /* PBXContainerItemProxy */;
		};
		922F6D372197595F008C1D05 /* PBXTargetDependency */ = {
			isa = PBXTargetDependency;
			target = 922F6D132197595D008C1D05 /* LociAR */;
			targetProxy = 922F6D362197595F008C1D05 /* PBXContainerItemProxy */;
		};
/* End PBXTargetDependency section */

/* Begin PBXVariantGroup section */
		922F6D1D2197595E008C1D05 /* Main.storyboard */ = {
			isa = PBXVariantGroup;
			children = (
				922F6D1E2197595E008C1D05 /* Base */,
			);
			name = Main.storyboard;
			sourceTree = "<group>";
		};
		922F6D222197595F008C1D05 /* LaunchScreen.storyboard */ = {
			isa = PBXVariantGroup;
			children = (
				922F6D232197595F008C1D05 /* Base */,
			);
			name = LaunchScreen.storyboard;
			sourceTree = "<group>";
		};
/* End PBXVariantGroup section */

/* Begin XCBuildConfiguration section */
		922F6D3C2197595F008C1D05 /* Debug */ = {
			isa = XCBuildConfiguration;
			buildSettings = {
				ALWAYS_SEARCH_USER_PATHS = NO;
				CLANG_ANALYZER_NONNULL = YES;
				CLANG_ANALYZER_NUMBER_OBJECT_CONVERSION = YES_AGGRESSIVE;
				CLANG_CXX_LANGUAGE_STANDARD = "gnu++14";
				CLANG_CXX_LIBRARY = "libc++";
				CLANG_ENABLE_MODULES = YES;
				CLANG_ENABLE_OBJC_ARC = YES;
				CLANG_ENABLE_OBJC_WEAK = YES;
				CLANG_WARN_BLOCK_CAPTURE_AUTORELEASING = YES;
				CLANG_WARN_BOOL_CONVERSION = YES;
				CLANG_WARN_COMMA = YES;
				CLANG_WARN_CONSTANT_CONVERSION = YES;
				CLANG_WARN_DEPRECATED_OBJC_IMPLEMENTATIONS = YES;
				CLANG_WARN_DIRECT_OBJC_ISA_USAGE = YES_ERROR;
				CLANG_WARN_DOCUMENTATION_COMMENTS = YES;
				CLANG_WARN_EMPTY_BODY = YES;
				CLANG_WARN_ENUM_CONVERSION = YES;
				CLANG_WARN_INFINITE_RECURSION = YES;
				CLANG_WARN_INT_CONVERSION = YES;
				CLANG_WARN_NON_LITERAL_NULL_CONVERSION = YES;
				CLANG_WARN_OBJC_IMPLICIT_RETAIN_SELF = YES;
				CLANG_WARN_OBJC_LITERAL_CONVERSION = YES;
				CLANG_WARN_OBJC_ROOT_CLASS = YES_ERROR;
				CLANG_WARN_RANGE_LOOP_ANALYSIS = YES;
				CLANG_WARN_STRICT_PROTOTYPES = YES;
				CLANG_WARN_SUSPICIOUS_MOVE = YES;
				CLANG_WARN_UNGUARDED_AVAILABILITY = YES_AGGRESSIVE;
				CLANG_WARN_UNREACHABLE_CODE = YES;
				CLANG_WARN__DUPLICATE_METHOD_MATCH = YES;
				CODE_SIGN_IDENTITY = "iPhone Developer";
				COPY_PHASE_STRIP = NO;
				DEBUG_INFORMATION_FORMAT = dwarf;
				ENABLE_STRICT_OBJC_MSGSEND = YES;
				ENABLE_TESTABILITY = YES;
				GCC_C_LANGUAGE_STANDARD = gnu11;
				GCC_DYNAMIC_NO_PIC = NO;
				GCC_NO_COMMON_BLOCKS = YES;
				GCC_OPTIMIZATION_LEVEL = 0;
				GCC_PREPROCESSOR_DEFINITIONS = (
					"DEBUG=1",
					"$(inherited)",
				);
				GCC_WARN_64_TO_32_BIT_CONVERSION = YES;
				GCC_WARN_ABOUT_RETURN_TYPE = YES_ERROR;
				GCC_WARN_UNDECLARED_SELECTOR = YES;
				GCC_WARN_UNINITIALIZED_AUTOS = YES_AGGRESSIVE;
				GCC_WARN_UNUSED_FUNCTION = YES;
				GCC_WARN_UNUSED_VARIABLE = YES;
				IPHONEOS_DEPLOYMENT_TARGET = 12.1;
				MTL_ENABLE_DEBUG_INFO = INCLUDE_SOURCE;
				MTL_FAST_MATH = YES;
				ONLY_ACTIVE_ARCH = YES;
				SDKROOT = iphoneos;
				SWIFT_ACTIVE_COMPILATION_CONDITIONS = DEBUG;
				SWIFT_OPTIMIZATION_LEVEL = "-Onone";
			};
			name = Debug;
		};
		922F6D3D2197595F008C1D05 /* Release */ = {
			isa = XCBuildConfiguration;
			buildSettings = {
				ALWAYS_SEARCH_USER_PATHS = NO;
				CLANG_ANALYZER_NONNULL = YES;
				CLANG_ANALYZER_NUMBER_OBJECT_CONVERSION = YES_AGGRESSIVE;
				CLANG_CXX_LANGUAGE_STANDARD = "gnu++14";
				CLANG_CXX_LIBRARY = "libc++";
				CLANG_ENABLE_MODULES = YES;
				CLANG_ENABLE_OBJC_ARC = YES;
				CLANG_ENABLE_OBJC_WEAK = YES;
				CLANG_WARN_BLOCK_CAPTURE_AUTORELEASING = YES;
				CLANG_WARN_BOOL_CONVERSION = YES;
				CLANG_WARN_COMMA = YES;
				CLANG_WARN_CONSTANT_CONVERSION = YES;
				CLANG_WARN_DEPRECATED_OBJC_IMPLEMENTATIONS = YES;
				CLANG_WARN_DIRECT_OBJC_ISA_USAGE = YES_ERROR;
				CLANG_WARN_DOCUMENTATION_COMMENTS = YES;
				CLANG_WARN_EMPTY_BODY = YES;
				CLANG_WARN_ENUM_CONVERSION = YES;
				CLANG_WARN_INFINITE_RECURSION = YES;
				CLANG_WARN_INT_CONVERSION = YES;
				CLANG_WARN_NON_LITERAL_NULL_CONVERSION = YES;
				CLANG_WARN_OBJC_IMPLICIT_RETAIN_SELF = YES;
				CLANG_WARN_OBJC_LITERAL_CONVERSION = YES;
				CLANG_WARN_OBJC_ROOT_CLASS = YES_ERROR;
				CLANG_WARN_RANGE_LOOP_ANALYSIS = YES;
				CLANG_WARN_STRICT_PROTOTYPES = YES;
				CLANG_WARN_SUSPICIOUS_MOVE = YES;
				CLANG_WARN_UNGUARDED_AVAILABILITY = YES_AGGRESSIVE;
				CLANG_WARN_UNREACHABLE_CODE = YES;
				CLANG_WARN__DUPLICATE_METHOD_MATCH = YES;
				CODE_SIGN_IDENTITY = "iPhone Developer";
				COPY_PHASE_STRIP = NO;
				DEBUG_INFORMATION_FORMAT = "dwarf-with-dsym";
				ENABLE_NS_ASSERTIONS = NO;
				ENABLE_STRICT_OBJC_MSGSEND = YES;
				GCC_C_LANGUAGE_STANDARD = gnu11;
				GCC_NO_COMMON_BLOCKS = YES;
				GCC_WARN_64_TO_32_BIT_CONVERSION = YES;
				GCC_WARN_ABOUT_RETURN_TYPE = YES_ERROR;
				GCC_WARN_UNDECLARED_SELECTOR = YES;
				GCC_WARN_UNINITIALIZED_AUTOS = YES_AGGRESSIVE;
				GCC_WARN_UNUSED_FUNCTION = YES;
				GCC_WARN_UNUSED_VARIABLE = YES;
				IPHONEOS_DEPLOYMENT_TARGET = 12.1;
				MTL_ENABLE_DEBUG_INFO = NO;
				MTL_FAST_MATH = YES;
				SDKROOT = iphoneos;
				SWIFT_COMPILATION_MODE = wholemodule;
				SWIFT_OPTIMIZATION_LEVEL = "-O";
				VALIDATE_PRODUCT = YES;
			};
			name = Release;
		};
		922F6D3F2197595F008C1D05 /* Debug */ = {
			isa = XCBuildConfiguration;
			buildSettings = {
				ALWAYS_EMBED_SWIFT_STANDARD_LIBRARIES = YES;
				ASSETCATALOG_COMPILER_APPICON_NAME = AppIcon;
				CODE_SIGN_STYLE = Automatic;
				DEVELOPMENT_TEAM = GK4FRAG4N2;
				INFOPLIST_FILE = LociAR/Info.plist;
				LD_RUNPATH_SEARCH_PATHS = (
					"$(inherited)",
					"@executable_path/Frameworks",
				);
				PRODUCT_BUNDLE_IDENTIFIER = com.aryanbhasin;
				PRODUCT_NAME = "$(TARGET_NAME)";
				SWIFT_VERSION = 4.2;
				TARGETED_DEVICE_FAMILY = "1,2";
			};
			name = Debug;
		};
		922F6D402197595F008C1D05 /* Release */ = {
			isa = XCBuildConfiguration;
			buildSettings = {
				ALWAYS_EMBED_SWIFT_STANDARD_LIBRARIES = YES;
				ASSETCATALOG_COMPILER_APPICON_NAME = AppIcon;
				CODE_SIGN_STYLE = Automatic;
				DEVELOPMENT_TEAM = GK4FRAG4N2;
				INFOPLIST_FILE = LociAR/Info.plist;
				LD_RUNPATH_SEARCH_PATHS = (
					"$(inherited)",
					"@executable_path/Frameworks",
				);
				PRODUCT_BUNDLE_IDENTIFIER = com.aryanbhasin;
				PRODUCT_NAME = "$(TARGET_NAME)";
				SWIFT_VERSION = 4.2;
				TARGETED_DEVICE_FAMILY = "1,2";
			};
			name = Release;
		};
		922F6D422197595F008C1D05 /* Debug */ = {
			isa = XCBuildConfiguration;
			buildSettings = {
				ALWAYS_EMBED_SWIFT_STANDARD_LIBRARIES = YES;
				BUNDLE_LOADER = "$(TEST_HOST)";
				CODE_SIGN_STYLE = Automatic;
				DEVELOPMENT_TEAM = GK4FRAG4N2;
				INFOPLIST_FILE = LociARTests/Info.plist;
				LD_RUNPATH_SEARCH_PATHS = (
					"$(inherited)",
					"@executable_path/Frameworks",
					"@loader_path/Frameworks",
				);
				PRODUCT_BUNDLE_IDENTIFIER = com.aryan.LociARTests;
				PRODUCT_NAME = "$(TARGET_NAME)";
				SWIFT_VERSION = 4.2;
				TARGETED_DEVICE_FAMILY = "1,2";
				TEST_HOST = "$(BUILT_PRODUCTS_DIR)/LociAR.app/LociAR";
			};
			name = Debug;
		};
		922F6D432197595F008C1D05 /* Release */ = {
			isa = XCBuildConfiguration;
			buildSettings = {
				ALWAYS_EMBED_SWIFT_STANDARD_LIBRARIES = YES;
				BUNDLE_LOADER = "$(TEST_HOST)";
				CODE_SIGN_STYLE = Automatic;
				DEVELOPMENT_TEAM = GK4FRAG4N2;
				INFOPLIST_FILE = LociARTests/Info.plist;
				LD_RUNPATH_SEARCH_PATHS = (
					"$(inherited)",
					"@executable_path/Frameworks",
					"@loader_path/Frameworks",
				);
				PRODUCT_BUNDLE_IDENTIFIER = com.aryan.LociARTests;
				PRODUCT_NAME = "$(TARGET_NAME)";
				SWIFT_VERSION = 4.2;
				TARGETED_DEVICE_FAMILY = "1,2";
				TEST_HOST = "$(BUILT_PRODUCTS_DIR)/LociAR.app/LociAR";
			};
			name = Release;
		};
		922F6D452197595F008C1D05 /* Debug */ = {
			isa = XCBuildConfiguration;
			buildSettings = {
				ALWAYS_EMBED_SWIFT_STANDARD_LIBRARIES = YES;
				CODE_SIGN_STYLE = Automatic;
				DEVELOPMENT_TEAM = GK4FRAG4N2;
				INFOPLIST_FILE = LociARUITests/Info.plist;
				LD_RUNPATH_SEARCH_PATHS = (
					"$(inherited)",
					"@executable_path/Frameworks",
					"@loader_path/Frameworks",
				);
				PRODUCT_BUNDLE_IDENTIFIER = com.aryan.LociARUITests;
				PRODUCT_NAME = "$(TARGET_NAME)";
				SWIFT_VERSION = 4.2;
				TARGETED_DEVICE_FAMILY = "1,2";
				TEST_TARGET_NAME = LociAR;
			};
			name = Debug;
		};
		922F6D462197595F008C1D05 /* Release */ = {
			isa = XCBuildConfiguration;
			buildSettings = {
				ALWAYS_EMBED_SWIFT_STANDARD_LIBRARIES = YES;
				CODE_SIGN_STYLE = Automatic;
				DEVELOPMENT_TEAM = GK4FRAG4N2;
				INFOPLIST_FILE = LociARUITests/Info.plist;
				LD_RUNPATH_SEARCH_PATHS = (
					"$(inherited)",
					"@executable_path/Frameworks",
					"@loader_path/Frameworks",
				);
				PRODUCT_BUNDLE_IDENTIFIER = com.aryan.LociARUITests;
				PRODUCT_NAME = "$(TARGET_NAME)";
				SWIFT_VERSION = 4.2;
				TARGETED_DEVICE_FAMILY = "1,2";
				TEST_TARGET_NAME = LociAR;
			};
			name = Release;
		};
/* End XCBuildConfiguration section */

/* Begin XCConfigurationList section */
		922F6D0F2197595D008C1D05 /* Build configuration list for PBXProject "LociAR" */ = {
			isa = XCConfigurationList;
			buildConfigurations = (
				922F6D3C2197595F008C1D05 /* Debug */,
				922F6D3D2197595F008C1D05 /* Release */,
			);
			defaultConfigurationIsVisible = 0;
			defaultConfigurationName = Release;
		};
		922F6D3E2197595F008C1D05 /* Build configuration list for PBXNativeTarget "LociAR" */ = {
			isa = XCConfigurationList;
			buildConfigurations = (
				922F6D3F2197595F008C1D05 /* Debug */,
				922F6D402197595F008C1D05 /* Release */,
			);
			defaultConfigurationIsVisible = 0;
			defaultConfigurationName = Release;
		};
		922F6D412197595F008C1D05 /* Build configuration list for PBXNativeTarget "LociARTests" */ = {
			isa = XCConfigurationList;
			buildConfigurations = (
				922F6D422197595F008C1D05 /* Debug */,
				922F6D432197595F008C1D05 /* Release */,
			);
			defaultConfigurationIsVisible = 0;
			defaultConfigurationName = Release;
		};
		922F6D442197595F008C1D05 /* Build configuration list for PBXNativeTarget "LociARUITests" */ = {
			isa = XCConfigurationList;
			buildConfigurations = (
				922F6D452197595F008C1D05 /* Debug */,
				922F6D462197595F008C1D05 /* Release */,
			);
			defaultConfigurationIsVisible = 0;
			defaultConfigurationName = Release;
		};
/* End XCConfigurationList section */
	};
	rootObject = 922F6D0C2197595D008C1D05 /* Project object */;
}
